
Microsoft Visual Studio Solution File, Format Version 12.00
# Visual Studio Version 17
VisualStudioVersion = 17.4.33213.308
MinimumVisualStudioVersion = 10.0.40219.1
Project("{FAE04EC0-301F-11D3-BF4B-00C04F79EFBC}") = "NandFGuesthouseAPI", "NandFGuesthouseAPI.csproj", "{D6DC82CB-B7B3-4421-A0F2-6CA841973160}"
EndProject
Global
	GlobalSection(SolutionConfigurationPlatforms) = preSolution
		Debug|Any CPU = Debug|Any CPU
		Release|Any CPU = Release|Any CPU
	EndGlobalSection
	GlobalSection(ProjectConfigurationPlatforms) = postSolution
		{D6DC82CB-B7B3-4421-A0F2-6CA841973160}.Debug|Any CPU.ActiveCfg = Debug|Any CPU
		{D6DC82CB-B7B3-4421-A0F2-6CA841973160}.Debug|Any CPU.Build.0 = Debug|Any CPU
		{D6DC82CB-B7B3-4421-A0F2-6CA841973160}.Release|Any CPU.ActiveCfg = Release|Any CPU
		{D6DC82CB-B7B3-4421-A0F2-6CA841973160}.Release|Any CPU.Build.0 = Release|Any CPU
	EndGlobalSection
	GlobalSection(SolutionProperties) = preSolution
		HideSolutionNode = FALSE
	EndGlobalSection
	GlobalSection(ExtensibilityGlobals) = postSolution
		SolutionGuid = {1ADB031B-3334-4790-B7F5-94FC25676A3B}
	EndGlobalSection
EndGlobal
